
Microsoft Visual Studio Solution File, Format Version 11.00
# Visual C# Express 2010
Project("{FAE04EC0-301F-11D3-BF4B-00C04F79EFBC}") = "Pixie1", "Pixie1\Pixie1\Pixie1.csproj", "{8AB64C16-489B-4E18-AFEE-BDBFD5F24358}"
EndProject
Project("{FAE04EC0-301F-11D3-BF4B-00C04F79EFBC}") = "Pixie1Content", "Pixie1\Pixie1Content\Pixie1Content.contentproj", "{3751094C-8A4F-49D1-B428-E3209F01BDA7}"
EndProject
Project("{FAE04EC0-301F-11D3-BF4B-00C04F79EFBC}") = "TTengine", "..\TTengine\TTengine\TTengine.csproj", "{616035D5-3927-44CD-BD41-2EEE846AC3A3}"
EndProject
Project("{FAE04EC0-301F-11D3-BF4B-00C04F79EFBC}") = "TTMusicEngine", "..\TTMusicEngine\TTMusicEngine\TTMusicEngine.csproj", "{CB99D0C9-FD0E-4B90-91BD-7D5816B38A2C}"
EndProject
Global
	GlobalSection(SolutionConfigurationPlatforms) = preSolution
		Debug|x86 = Debug|x86
		Profile|x86 = Profile|x86
		Release|x86 = Release|x86
	EndGlobalSection
	GlobalSection(ProjectConfigurationPlatforms) = postSolution
		{8AB64C16-489B-4E18-AFEE-BDBFD5F24358}.Debug|x86.ActiveCfg = Debug|x86
		{8AB64C16-489B-4E18-AFEE-BDBFD5F24358}.Debug|x86.Build.0 = Debug|x86
		{8AB64C16-489B-4E18-AFEE-BDBFD5F24358}.Profile|x86.ActiveCfg = Release|x86
		{8AB64C16-489B-4E18-AFEE-BDBFD5F24358}.Profile|x86.Build.0 = Release|x86
		{8AB64C16-489B-4E18-AFEE-BDBFD5F24358}.Release|x86.ActiveCfg = Release|x86
		{8AB64C16-489B-4E18-AFEE-BDBFD5F24358}.Release|x86.Build.0 = Release|x86
		{3751094C-8A4F-49D1-B428-E3209F01BDA7}.Debug|x86.ActiveCfg = Debug|x86
		{3751094C-8A4F-49D1-B428-E3209F01BDA7}.Profile|x86.ActiveCfg = Release|x86
		{3751094C-8A4F-49D1-B428-E3209F01BDA7}.Release|x86.ActiveCfg = Release|x86
		{616035D5-3927-44CD-BD41-2EEE846AC3A3}.Debug|x86.ActiveCfg = Debug|x86
		{616035D5-3927-44CD-BD41-2EEE846AC3A3}.Debug|x86.Build.0 = Debug|x86
		{616035D5-3927-44CD-BD41-2EEE846AC3A3}.Profile|x86.ActiveCfg = Release|x86
		{616035D5-3927-44CD-BD41-2EEE846AC3A3}.Profile|x86.Build.0 = Release|x86
		{616035D5-3927-44CD-BD41-2EEE846AC3A3}.Release|x86.ActiveCfg = Release|x86
		{616035D5-3927-44CD-BD41-2EEE846AC3A3}.Release|x86.Build.0 = Release|x86
		{CB99D0C9-FD0E-4B90-91BD-7D5816B38A2C}.Debug|x86.ActiveCfg = Debug|x86
		{CB99D0C9-FD0E-4B90-91BD-7D5816B38A2C}.Debug|x86.Build.0 = Debug|x86
		{CB99D0C9-FD0E-4B90-91BD-7D5816B38A2C}.Profile|x86.ActiveCfg = Profile|x86
		{CB99D0C9-FD0E-4B90-91BD-7D5816B38A2C}.Profile|x86.Build.0 = Profile|x86
		{CB99D0C9-FD0E-4B90-91BD-7D5816B38A2C}.Release|x86.ActiveCfg = Release|x86
		{CB99D0C9-FD0E-4B90-91BD-7D5816B38A2C}.Release|x86.Build.0 = Release|x86
	EndGlobalSection
	GlobalSection(SolutionProperties) = preSolution
		HideSolutionNode = FALSE
	EndGlobalSection
EndGlobal
