Microsoft Visual Studio Solution File, Format Version 12.00
# Visual Studio 2012
Project("{FAE04EC0-301F-11D3-BF4B-00C04F79EFBC}") = "Game1", "Game1\Game1\Game1.csproj", "{529A2029-70CC-4820-8BA7-AFBE17B0CF6A}"
	ProjectSection(ProjectDependencies) = postProject
		{CB99D0C9-FD0E-4B90-91BD-7D5816B38A2C} = {CB99D0C9-FD0E-4B90-91BD-7D5816B38A2C}
		{616035D5-3927-44CD-BD41-2EEE846AC3A3} = {616035D5-3927-44CD-BD41-2EEE846AC3A3}
		{22C89AF2-E1CF-4976-91B9-7D33773DC6E7} = {22C89AF2-E1CF-4976-91B9-7D33773DC6E7}
	EndProjectSection
EndProject
Project("{FAE04EC0-301F-11D3-BF4B-00C04F79EFBC}") = "Game1Content", "Game1\Game1Content\Game1Content.contentproj", "{2F267F79-84E8-480E-A0A9-14CE0367A4D5}"
EndProject
Project("{FAE04EC0-301F-11D3-BF4B-00C04F79EFBC}") = "TTengine", "TTengine\TTengine\TTengine.csproj", "{616035D5-3927-44CD-BD41-2EEE846AC3A3}"
	ProjectSection(ProjectDependencies) = postProject
		{22C89AF2-E1CF-4976-91B9-7D33773DC6E7} = {22C89AF2-E1CF-4976-91B9-7D33773DC6E7}
	EndProjectSection
EndProject
Project("{FAE04EC0-301F-11D3-BF4B-00C04F79EFBC}") = "TTMusicEngine", "TTengine\TTMusicEngine\TTMusicEngine.csproj", "{CB99D0C9-FD0E-4B90-91BD-7D5816B38A2C}"
EndProject
Project("{FAE04EC0-301F-11D3-BF4B-00C04F79EFBC}") = "Artemis", "TTengine\Artemis_XNA_INDEPENDENT\Artemis.csproj", "{22C89AF2-E1CF-4976-91B9-7D33773DC6E7}"
EndProject
Global
	GlobalSection(SolutionConfigurationPlatforms) = preSolution
		Debug|Any CPU = Debug|Any CPU
		Debug|Mixed Platforms = Debug|Mixed Platforms
		Debug|x86 = Debug|x86
		Profile|Any CPU = Profile|Any CPU
		Profile|Mixed Platforms = Profile|Mixed Platforms
		Profile|x86 = Profile|x86
		Release|Any CPU = Release|Any CPU
		Release|Mixed Platforms = Release|Mixed Platforms
		Release|x86 = Release|x86
	EndGlobalSection
	GlobalSection(ProjectConfigurationPlatforms) = postSolution
		{529A2029-70CC-4820-8BA7-AFBE17B0CF6A}.Debug|Any CPU.ActiveCfg = Debug|x86
		{529A2029-70CC-4820-8BA7-AFBE17B0CF6A}.Debug|Mixed Platforms.ActiveCfg = Debug|x86
		{529A2029-70CC-4820-8BA7-AFBE17B0CF6A}.Debug|Mixed Platforms.Build.0 = Debug|x86
		{529A2029-70CC-4820-8BA7-AFBE17B0CF6A}.Debug|x86.ActiveCfg = Debug|x86
		{529A2029-70CC-4820-8BA7-AFBE17B0CF6A}.Debug|x86.Build.0 = Debug|x86
		{529A2029-70CC-4820-8BA7-AFBE17B0CF6A}.Profile|Any CPU.ActiveCfg = Release|x86
		{529A2029-70CC-4820-8BA7-AFBE17B0CF6A}.Profile|Mixed Platforms.ActiveCfg = Release|x86
		{529A2029-70CC-4820-8BA7-AFBE17B0CF6A}.Profile|Mixed Platforms.Build.0 = Release|x86
		{529A2029-70CC-4820-8BA7-AFBE17B0CF6A}.Profile|x86.ActiveCfg = Release|x86
		{529A2029-70CC-4820-8BA7-AFBE17B0CF6A}.Profile|x86.Build.0 = Release|x86
		{529A2029-70CC-4820-8BA7-AFBE17B0CF6A}.Release|Any CPU.ActiveCfg = Release|x86
		{529A2029-70CC-4820-8BA7-AFBE17B0CF6A}.Release|Mixed Platforms.ActiveCfg = Release|x86
		{529A2029-70CC-4820-8BA7-AFBE17B0CF6A}.Release|Mixed Platforms.Build.0 = Release|x86
		{529A2029-70CC-4820-8BA7-AFBE17B0CF6A}.Release|x86.ActiveCfg = Release|x86
		{529A2029-70CC-4820-8BA7-AFBE17B0CF6A}.Release|x86.Build.0 = Release|x86
		{2F267F79-84E8-480E-A0A9-14CE0367A4D5}.Debug|Any CPU.ActiveCfg = Debug|x86
		{2F267F79-84E8-480E-A0A9-14CE0367A4D5}.Debug|Mixed Platforms.ActiveCfg = Debug|x86
		{2F267F79-84E8-480E-A0A9-14CE0367A4D5}.Debug|x86.ActiveCfg = Debug|x86
		{2F267F79-84E8-480E-A0A9-14CE0367A4D5}.Profile|Any CPU.ActiveCfg = Release|x86
		{2F267F79-84E8-480E-A0A9-14CE0367A4D5}.Profile|Mixed Platforms.ActiveCfg = Release|x86
		{2F267F79-84E8-480E-A0A9-14CE0367A4D5}.Profile|x86.ActiveCfg = Release|x86
		{2F267F79-84E8-480E-A0A9-14CE0367A4D5}.Release|Any CPU.ActiveCfg = Release|x86
		{2F267F79-84E8-480E-A0A9-14CE0367A4D5}.Release|Mixed Platforms.ActiveCfg = Release|x86
		{2F267F79-84E8-480E-A0A9-14CE0367A4D5}.Release|x86.ActiveCfg = Release|x86
		{616035D5-3927-44CD-BD41-2EEE846AC3A3}.Debug|Any CPU.ActiveCfg = Debug|x86
		{616035D5-3927-44CD-BD41-2EEE846AC3A3}.Debug|Mixed Platforms.ActiveCfg = Debug|x86
		{616035D5-3927-44CD-BD41-2EEE846AC3A3}.Debug|Mixed Platforms.Build.0 = Debug|x86
		{616035D5-3927-44CD-BD41-2EEE846AC3A3}.Debug|x86.ActiveCfg = Debug|x86
		{616035D5-3927-44CD-BD41-2EEE846AC3A3}.Debug|x86.Build.0 = Debug|x86
		{616035D5-3927-44CD-BD41-2EEE846AC3A3}.Profile|Any CPU.ActiveCfg = Release|x86
		{616035D5-3927-44CD-BD41-2EEE846AC3A3}.Profile|Mixed Platforms.ActiveCfg = Release|x86
		{616035D5-3927-44CD-BD41-2EEE846AC3A3}.Profile|Mixed Platforms.Build.0 = Release|x86
		{616035D5-3927-44CD-BD41-2EEE846AC3A3}.Profile|x86.ActiveCfg = Release|x86
		{616035D5-3927-44CD-BD41-2EEE846AC3A3}.Profile|x86.Build.0 = Release|x86
		{616035D5-3927-44CD-BD41-2EEE846AC3A3}.Release|Any CPU.ActiveCfg = Release|x86
		{616035D5-3927-44CD-BD41-2EEE846AC3A3}.Release|Mixed Platforms.ActiveCfg = Release|x86
		{616035D5-3927-44CD-BD41-2EEE846AC3A3}.Release|Mixed Platforms.Build.0 = Release|x86
		{616035D5-3927-44CD-BD41-2EEE846AC3A3}.Release|x86.ActiveCfg = Release|x86
		{616035D5-3927-44CD-BD41-2EEE846AC3A3}.Release|x86.Build.0 = Release|x86
		{CB99D0C9-FD0E-4B90-91BD-7D5816B38A2C}.Debug|Any CPU.ActiveCfg = Debug|x86
		{CB99D0C9-FD0E-4B90-91BD-7D5816B38A2C}.Debug|Mixed Platforms.ActiveCfg = Debug|x86
		{CB99D0C9-FD0E-4B90-91BD-7D5816B38A2C}.Debug|Mixed Platforms.Build.0 = Debug|x86
		{CB99D0C9-FD0E-4B90-91BD-7D5816B38A2C}.Debug|x86.ActiveCfg = Debug|x86
		{CB99D0C9-FD0E-4B90-91BD-7D5816B38A2C}.Debug|x86.Build.0 = Debug|x86
		{CB99D0C9-FD0E-4B90-91BD-7D5816B38A2C}.Profile|Any CPU.ActiveCfg = Profile|x86
		{CB99D0C9-FD0E-4B90-91BD-7D5816B38A2C}.Profile|Mixed Platforms.ActiveCfg = Profile|x86
		{CB99D0C9-FD0E-4B90-91BD-7D5816B38A2C}.Profile|Mixed Platforms.Build.0 = Profile|x86
		{CB99D0C9-FD0E-4B90-91BD-7D5816B38A2C}.Profile|x86.ActiveCfg = Profile|x86
		{CB99D0C9-FD0E-4B90-91BD-7D5816B38A2C}.Profile|x86.Build.0 = Profile|x86
		{CB99D0C9-FD0E-4B90-91BD-7D5816B38A2C}.Release|Any CPU.ActiveCfg = Release|x86
		{CB99D0C9-FD0E-4B90-91BD-7D5816B38A2C}.Release|Mixed Platforms.ActiveCfg = Release|x86
		{CB99D0C9-FD0E-4B90-91BD-7D5816B38A2C}.Release|Mixed Platforms.Build.0 = Release|x86
		{CB99D0C9-FD0E-4B90-91BD-7D5816B38A2C}.Release|x86.ActiveCfg = Release|x86
		{CB99D0C9-FD0E-4B90-91BD-7D5816B38A2C}.Release|x86.Build.0 = Release|x86
		{22C89AF2-E1CF-4976-91B9-7D33773DC6E7}.Debug|Any CPU.ActiveCfg = Debug|Any CPU
		{22C89AF2-E1CF-4976-91B9-7D33773DC6E7}.Debug|Any CPU.Build.0 = Debug|Any CPU
		{22C89AF2-E1CF-4976-91B9-7D33773DC6E7}.Debug|Mixed Platforms.ActiveCfg = Debug|Any CPU
		{22C89AF2-E1CF-4976-91B9-7D33773DC6E7}.Debug|Mixed Platforms.Build.0 = Debug|Any CPU
		{22C89AF2-E1CF-4976-91B9-7D33773DC6E7}.Debug|x86.ActiveCfg = Debug|Any CPU
		{22C89AF2-E1CF-4976-91B9-7D33773DC6E7}.Profile|Any CPU.ActiveCfg = Release|Any CPU
		{22C89AF2-E1CF-4976-91B9-7D33773DC6E7}.Profile|Any CPU.Build.0 = Release|Any CPU
		{22C89AF2-E1CF-4976-91B9-7D33773DC6E7}.Profile|Mixed Platforms.ActiveCfg = Release|Any CPU
		{22C89AF2-E1CF-4976-91B9-7D33773DC6E7}.Profile|Mixed Platforms.Build.0 = Release|Any CPU
		{22C89AF2-E1CF-4976-91B9-7D33773DC6E7}.Profile|x86.ActiveCfg = Release|Any CPU
		{22C89AF2-E1CF-4976-91B9-7D33773DC6E7}.Release|Any CPU.ActiveCfg = Release|Any CPU
		{22C89AF2-E1CF-4976-91B9-7D33773DC6E7}.Release|Any CPU.Build.0 = Release|Any CPU
		{22C89AF2-E1CF-4976-91B9-7D33773DC6E7}.Release|Mixed Platforms.ActiveCfg = Release|Any CPU
		{22C89AF2-E1CF-4976-91B9-7D33773DC6E7}.Release|Mixed Platforms.Build.0 = Release|Any CPU
		{22C89AF2-E1CF-4976-91B9-7D33773DC6E7}.Release|x86.ActiveCfg = Release|Any CPU
	EndGlobalSection
	GlobalSection(SolutionProperties) = preSolution
		HideSolutionNode = FALSE
	EndGlobalSection
EndGlobal
